
Microsoft Visual Studio Solution File, Format Version 12.00
# Visual Studio Version 17
VisualStudioVersion = 17.13.35806.99 d17.13
MinimumVisualStudioVersion = 10.0.40219.1
Project("{FAE04EC0-301F-11D3-BF4B-00C04F79EFBC}") = "WebApplication8", "WebApplication8\WebApplication8.csproj", "{4214652A-5447-439B-A06B-C0A7B3B00ED8}"
EndProject
Project("{FAE04EC0-301F-11D3-BF4B-00C04F79EFBC}") = "data Access layer", "data Access layer\data Access layer.csproj", "{2EDD9A65-6536-4637-B235-4D29DC35405E}"
EndProject
Project("{FAE04EC0-301F-11D3-BF4B-00C04F79EFBC}") = "projectBLL", "projectBLL\projectBLL.csproj", "{201C054C-B89A-46E6-8409-5595606B5F81}"
EndProject
Global
	GlobalSection(SolutionConfigurationPlatforms) = preSolution
		Debug|Any CPU = Debug|Any CPU
		Release|Any CPU = Release|Any CPU
	EndGlobalSection
	GlobalSection(ProjectConfigurationPlatforms) = postSolution
		{4214652A-5447-439B-A06B-C0A7B3B00ED8}.Debug|Any CPU.ActiveCfg = Debug|Any CPU
		{4214652A-5447-439B-A06B-C0A7B3B00ED8}.Debug|Any CPU.Build.0 = Debug|Any CPU
		{4214652A-5447-439B-A06B-C0A7B3B00ED8}.Release|Any CPU.ActiveCfg = Release|Any CPU
		{4214652A-5447-439B-A06B-C0A7B3B00ED8}.Release|Any CPU.Build.0 = Release|Any CPU
		{2EDD9A65-6536-4637-B235-4D29DC35405E}.Debug|Any CPU.ActiveCfg = Debug|Any CPU
		{2EDD9A65-6536-4637-B235-4D29DC35405E}.Debug|Any CPU.Build.0 = Debug|Any CPU
		{2EDD9A65-6536-4637-B235-4D29DC35405E}.Release|Any CPU.ActiveCfg = Release|Any CPU
		{2EDD9A65-6536-4637-B235-4D29DC35405E}.Release|Any CPU.Build.0 = Release|Any CPU
		{201C054C-B89A-46E6-8409-5595606B5F81}.Debug|Any CPU.ActiveCfg = Debug|Any CPU
		{201C054C-B89A-46E6-8409-5595606B5F81}.Debug|Any CPU.Build.0 = Debug|Any CPU
		{201C054C-B89A-46E6-8409-5595606B5F81}.Release|Any CPU.ActiveCfg = Release|Any CPU
		{201C054C-B89A-46E6-8409-5595606B5F81}.Release|Any CPU.Build.0 = Release|Any CPU
	EndGlobalSection
	GlobalSection(SolutionProperties) = preSolution
		HideSolutionNode = FALSE
	EndGlobalSection
	GlobalSection(ExtensibilityGlobals) = postSolution
		SolutionGuid = {BE235283-0CC8-4BF2-AC0B-84C37B659330}
	EndGlobalSection
EndGlobal
